
Microsoft Visual Studio Solution File, Format Version 12.00
# Visual Studio Version 16
VisualStudioVersion = 16.0.30907.101
MinimumVisualStudioVersion = 10.0.40219.1
Project("{FAE04EC0-301F-11D3-BF4B-00C04F79EFBC}") = "processo_seletivo", "processo_seletivo\processo_seletivo.csproj", "{F2152B03-5DB8-4253-B892-D9AB7CAC5D03}"
EndProject
Global
	GlobalSection(SolutionConfigurationPlatforms) = preSolution
		Debug|Any CPU = Debug|Any CPU
		Release|Any CPU = Release|Any CPU
	EndGlobalSection
	GlobalSection(ProjectConfigurationPlatforms) = postSolution
		{F2152B03-5DB8-4253-B892-D9AB7CAC5D03}.Debug|Any CPU.ActiveCfg = Debug|Any CPU
		{F2152B03-5DB8-4253-B892-D9AB7CAC5D03}.Debug|Any CPU.Build.0 = Debug|Any CPU
		{F2152B03-5DB8-4253-B892-D9AB7CAC5D03}.Release|Any CPU.ActiveCfg = Release|Any CPU
		{F2152B03-5DB8-4253-B892-D9AB7CAC5D03}.Release|Any CPU.Build.0 = Release|Any CPU
	EndGlobalSection
	GlobalSection(SolutionProperties) = preSolution
		HideSolutionNode = FALSE
	EndGlobalSection
	GlobalSection(ExtensibilityGlobals) = postSolution
		SolutionGuid = {36F272CA-7E56-4D1F-8EDC-0E4E7D06370C}
	EndGlobalSection
EndGlobal
